// !$*UTF8*$!
{
	archiveVersion = 1;
	classes = {
	};
	objectVersion = 46;
	objects = {

/* Begin PBXBuildFile section */
		7A59E84519729F6600E637D4 /* ONERecommendation.m in Sources */ = {isa = PBXBuildFile; fileRef = 7A59E84419729F6600E637D4 /* ONERecommendation.m */; };
		7A937B3F197622BD0087D4F2 /* ONESessionDelegate.m in Sources */ = {isa = PBXBuildFile; fileRef = 7A937B3E197622BD0087D4F2 /* ONESessionDelegate.m */; };
		7A937B4219766E760087D4F2 /* ONERecommendationManager.m in Sources */ = {isa = PBXBuildFile; fileRef = 7A937B4119766E760087D4F2 /* ONERecommendationManager.m */; };
		7A937B45197678E40087D4F2 /* ONEDateUtils.m in Sources */ = {isa = PBXBuildFile; fileRef = 7A937B44197678E40087D4F2 /* ONEDateUtils.m */; };
		7AB018B0197E21A000BB0F4E /* onelife@2x.png in Resources */ = {isa = PBXBuildFile; fileRef = 7AB018AF197E21A000BB0F4E /* onelife@2x.png */; };
		7AB018B3197E245D00BB0F4E /* beautyCollect@2x.png in Resources */ = {isa = PBXBuildFile; fileRef = 7AB018B1197E245D00BB0F4E /* beautyCollect@2x.png */; };
		7AB018B4197E245D00BB0F4E /* beautyDetail@2x.png in Resources */ = {isa = PBXBuildFile; fileRef = 7AB018B2197E245D00BB0F4E /* beautyDetail@2x.png */; };
		7AB018B7197E24D000BB0F4E /* returnGrayWhite@2x.png in Resources */ = {isa = PBXBuildFile; fileRef = 7AB018B5197E24D000BB0F4E /* returnGrayWhite@2x.png */; };
		7AB018B8197E24D000BB0F4E /* returnGrayWhiteSelected@2x.png in Resources */ = {isa = PBXBuildFile; fileRef = 7AB018B6197E24D000BB0F4E /* returnGrayWhiteSelected@2x.png */; };
		7AB018BD197E26DC00BB0F4E /* collectDetail@2x.png in Resources */ = {isa = PBXBuildFile; fileRef = 7AB018B9197E26DC00BB0F4E /* collectDetail@2x.png */; };
		7AB018BE197E26DC00BB0F4E /* collectDetailSelected@2x.png in Resources */ = {isa = PBXBuildFile; fileRef = 7AB018BA197E26DC00BB0F4E /* collectDetailSelected@2x.png */; };
		7AB018BF197E26DC00BB0F4E /* shareDetail@2x.png in Resources */ = {isa = PBXBuildFile; fileRef = 7AB018BB197E26DC00BB0F4E /* shareDetail@2x.png */; };
		7AB018C0197E26DC00BB0F4E /* shareDetailSelected@2x.png in Resources */ = {isa = PBXBuildFile; fileRef = 7AB018BC197E26DC00BB0F4E /* shareDetailSelected@2x.png */; };
		7AB018C3197E333000BB0F4E /* ONEViewUtils.m in Sources */ = {isa = PBXBuildFile; fileRef = 7AB018C2197E333000BB0F4E /* ONEViewUtils.m */; };
		7AB018CD197E35A800BB0F4E /* collect@2x.png in Resources */ = {isa = PBXBuildFile; fileRef = 7AB018C5197E35A800BB0F4E /* collect@2x.png */; };
		7AB018CF197E35A800BB0F4E /* setting@2x.png in Resources */ = {isa = PBXBuildFile; fileRef = 7AB018C7197E35A800BB0F4E /* setting@2x.png */; };
		7AB018D1197E35A800BB0F4E /* share@2x.png in Resources */ = {isa = PBXBuildFile; fileRef = 7AB018C9197E35A800BB0F4E /* share@2x.png */; };
		7AB018D3197E35A800BB0F4E /* viewCollection@2x.png in Resources */ = {isa = PBXBuildFile; fileRef = 7AB018CB197E35A800BB0F4E /* viewCollection@2x.png */; };
		7AB018E2197E3BAB00BB0F4E /* settingSelected@2x.png in Resources */ = {isa = PBXBuildFile; fileRef = 7AB018DE197E3BAB00BB0F4E /* settingSelected@2x.png */; };
		7AB018E3197E3BAB00BB0F4E /* shareSelected@2x.png in Resources */ = {isa = PBXBuildFile; fileRef = 7AB018DF197E3BAB00BB0F4E /* shareSelected@2x.png */; };
		7AB018E4197E3BAB00BB0F4E /* viewCollectionSelected@2x.png in Resources */ = {isa = PBXBuildFile; fileRef = 7AB018E0197E3BAB00BB0F4E /* viewCollectionSelected@2x.png */; };
		7AB018E8197E3C4800BB0F4E /* heart@2x.png in Resources */ = {isa = PBXBuildFile; fileRef = 7AB018E5197E3C4800BB0F4E /* heart@2x.png */; };
		7AB018E9197E3C4800BB0F4E /* info@2x.png in Resources */ = {isa = PBXBuildFile; fileRef = 7AB018E6197E3C4800BB0F4E /* info@2x.png */; };
		7AB018EA197E3C4800BB0F4E /* like@2x.png in Resources */ = {isa = PBXBuildFile; fileRef = 7AB018E7197E3C4800BB0F4E /* like@2x.png */; };
		7AB018F1197E3C9E00BB0F4E /* close@2x.png in Resources */ = {isa = PBXBuildFile; fileRef = 7AB018EB197E3C9E00BB0F4E /* close@2x.png */; };
		7AB018F2197E3C9E00BB0F4E /* closeSelected@2x.png in Resources */ = {isa = PBXBuildFile; fileRef = 7AB018EC197E3C9E00BB0F4E /* closeSelected@2x.png */; };
		7AB018F3197E3C9E00BB0F4E /* complete@2x.png in Resources */ = {isa = PBXBuildFile; fileRef = 7AB018ED197E3C9E00BB0F4E /* complete@2x.png */; };
		7AB018F4197E3C9E00BB0F4E /* completeSelected@2x.png in Resources */ = {isa = PBXBuildFile; fileRef = 7AB018EE197E3C9E00BB0F4E /* completeSelected@2x.png */; };
		7AB018F5197E3C9E00BB0F4E /* edit@2x.png in Resources */ = {isa = PBXBuildFile; fileRef = 7AB018EF197E3C9E00BB0F4E /* edit@2x.png */; };
		7AB018F6197E3C9E00BB0F4E /* editSelected@2x.png in Resources */ = {isa = PBXBuildFile; fileRef = 7AB018F0197E3C9E00BB0F4E /* editSelected@2x.png */; };
		7AB018F9197E3EF800BB0F4E /* ONEStringUtils.m in Sources */ = {isa = PBXBuildFile; fileRef = 7AB018F8197E3EF800BB0F4E /* ONEStringUtils.m */; };
		7AB018FB197E3FA300BB0F4E /* collectSelected@2x.png in Resources */ = {isa = PBXBuildFile; fileRef = 7AB018FA197E3FA300BB0F4E /* collectSelected@2x.png */; };
		7AB018FE197E41AB00BB0F4E /* return@2x.png in Resources */ = {isa = PBXBuildFile; fileRef = 7AB018FC197E41AB00BB0F4E /* return@2x.png */; };
		7AB018FF197E41AB00BB0F4E /* returnSelected@2x.png in Resources */ = {isa = PBXBuildFile; fileRef = 7AB018FD197E41AB00BB0F4E /* returnSelected@2x.png */; };
		7AB01904197E849800BB0F4E /* onelifeArticleTmp.png in Resources */ = {isa = PBXBuildFile; fileRef = 7AB01903197E849800BB0F4E /* onelifeArticleTmp.png */; };
		7AB3BAB8197CAADA009457E4 /* ONEShareViewController.m in Sources */ = {isa = PBXBuildFile; fileRef = 7AB3BAB6197CAADA009457E4 /* ONEShareViewController.m */; };
		7AB3BAB9197CAADA009457E4 /* ONEShareViewController.xib in Resources */ = {isa = PBXBuildFile; fileRef = 7AB3BAB7197CAADA009457E4 /* ONEShareViewController.xib */; };
		7AB3BABD197CBC40009457E4 /* cancel@2x.png in Resources */ = {isa = PBXBuildFile; fileRef = 7AB3BABB197CBC40009457E4 /* cancel@2x.png */; };
		7AB3BABE197CBC40009457E4 /* cancelSelected@2x.png in Resources */ = {isa = PBXBuildFile; fileRef = 7AB3BABC197CBC40009457E4 /* cancelSelected@2x.png */; };
		7AB3BAC8197CC06B009457E4 /* weixin@2x.png in Resources */ = {isa = PBXBuildFile; fileRef = 7AB3BAC0197CC06B009457E4 /* weixin@2x.png */; };
		7AB3BAC9197CC06B009457E4 /* weixinFriends@2x.png in Resources */ = {isa = PBXBuildFile; fileRef = 7AB3BAC1197CC06B009457E4 /* weixinFriends@2x.png */; };
		7AB3BACA197CC06B009457E4 /* weixinFriendsSelected@2x.png in Resources */ = {isa = PBXBuildFile; fileRef = 7AB3BAC2197CC06B009457E4 /* weixinFriendsSelected@2x.png */; };
		7AB3BACB197CC06B009457E4 /* weixinSelected@2x.png in Resources */ = {isa = PBXBuildFile; fileRef = 7AB3BAC3197CC06B009457E4 /* weixinSelected@2x.png */; };
		7AB3BACC197CC06B009457E4 /* yixin@2x.png in Resources */ = {isa = PBXBuildFile; fileRef = 7AB3BAC4197CC06B009457E4 /* yixin@2x.png */; };
		7AB3BACD197CC06B009457E4 /* yixinFriends@2x.png in Resources */ = {isa = PBXBuildFile; fileRef = 7AB3BAC5197CC06B009457E4 /* yixinFriends@2x.png */; };
		7AB3BACE197CC06B009457E4 /* yixinFriendsSelected@2x.png in Resources */ = {isa = PBXBuildFile; fileRef = 7AB3BAC6197CC06B009457E4 /* yixinFriendsSelected@2x.png */; };
		7AB3BACF197CC06B009457E4 /* yixinSelected@2x.png in Resources */ = {isa = PBXBuildFile; fileRef = 7AB3BAC7197CC06B009457E4 /* yixinSelected@2x.png */; };
		7AB6AABC1978BA06002A8992 /* ONERecommendationCollectionViewController.m in Sources */ = {isa = PBXBuildFile; fileRef = 7AB6AABA1978BA06002A8992 /* ONERecommendationCollectionViewController.m */; };
		7AB6AAC319794F56002A8992 /* JCRBlurView.m in Sources */ = {isa = PBXBuildFile; fileRef = 7AB6AAC219794F56002A8992 /* JCRBlurView.m */; };
		7AB703B9197B92EB008DE376 /* ONEAnimationHelper.m in Sources */ = {isa = PBXBuildFile; fileRef = 7AB703B8197B92EB008DE376 /* ONEAnimationHelper.m */; };
		7AB77FDD197D6DDE0004FFDF /* FLAnimatedImage.m in Sources */ = {isa = PBXBuildFile; fileRef = 7AB77FDA197D6DDE0004FFDF /* FLAnimatedImage.m */; };
		7AB77FDE197D6DDE0004FFDF /* FLAnimatedImageView.m in Sources */ = {isa = PBXBuildFile; fileRef = 7AB77FDC197D6DDE0004FFDF /* FLAnimatedImageView.m */; };
		7AC30EEB197A529900A5C71C /* onelifeLogo@2x.png in Resources */ = {isa = PBXBuildFile; fileRef = 7AC30EE9197A529900A5C71C /* onelifeLogo@2x.png */; };
		7AC30F02197A647000A5C71C /* arrowRightGrey@2x.png in Resources */ = {isa = PBXBuildFile; fileRef = 7AC30F00197A647000A5C71C /* arrowRightGrey@2x.png */; };
		7AC30F03197A647000A5C71C /* arrowRightWhite@2x.png in Resources */ = {isa = PBXBuildFile; fileRef = 7AC30F01197A647000A5C71C /* arrowRightWhite@2x.png */; };
		7AC30F4A197A887500A5C71C /* beautyBrief@2x.png in Resources */ = {isa = PBXBuildFile; fileRef = 7AC30F35197A887500A5C71C /* beautyBrief@2x.png */; };
		7AC30F4D197A887500A5C71C /* foodBrief@2x.png in Resources */ = {isa = PBXBuildFile; fileRef = 7AC30F38197A887500A5C71C /* foodBrief@2x.png */; };
		7AC30F4E197A887500A5C71C /* foodCollect@2x.png in Resources */ = {isa = PBXBuildFile; fileRef = 7AC30F39197A887500A5C71C /* foodCollect@2x.png */; };
		7AC30F4F197A887500A5C71C /* foodDetail@2x.png in Resources */ = {isa = PBXBuildFile; fileRef = 7AC30F3A197A887500A5C71C /* foodDetail@2x.png */; };
		7AC30F50197A887500A5C71C /* funBrief@2x.png in Resources */ = {isa = PBXBuildFile; fileRef = 7AC30F3B197A887500A5C71C /* funBrief@2x.png */; };
		7AC30F51197A887500A5C71C /* funCollect@2x.png in Resources */ = {isa = PBXBuildFile; fileRef = 7AC30F3C197A887500A5C71C /* funCollect@2x.png */; };
		7AC30F52197A887500A5C71C /* funDetail@2x.png in Resources */ = {isa = PBXBuildFile; fileRef = 7AC30F3D197A887500A5C71C /* funDetail@2x.png */; };
		7AC30F53197A887500A5C71C /* houseBrief@2x.png in Resources */ = {isa = PBXBuildFile; fileRef = 7AC30F3E197A887500A5C71C /* houseBrief@2x.png */; };
		7AC30F54197A887500A5C71C /* houseCollect@2x.png in Resources */ = {isa = PBXBuildFile; fileRef = 7AC30F3F197A887500A5C71C /* houseCollect@2x.png */; };
		7AC30F55197A887500A5C71C /* houseDetail@2x.png in Resources */ = {isa = PBXBuildFile; fileRef = 7AC30F40197A887500A5C71C /* houseDetail@2x.png */; };
		7AC30F56197A887500A5C71C /* shoppingBrief@2x.png in Resources */ = {isa = PBXBuildFile; fileRef = 7AC30F41197A887500A5C71C /* shoppingBrief@2x.png */; };
		7AC30F57197A887500A5C71C /* shoppingCollect@2x.png in Resources */ = {isa = PBXBuildFile; fileRef = 7AC30F42197A887500A5C71C /* shoppingCollect@2x.png */; };
		7AC30F58197A887500A5C71C /* shoppingDetail@2x.png in Resources */ = {isa = PBXBuildFile; fileRef = 7AC30F43197A887500A5C71C /* shoppingDetail@2x.png */; };
		7AC30F59197A887500A5C71C /* sportBrief.png in Resources */ = {isa = PBXBuildFile; fileRef = 7AC30F44197A887500A5C71C /* sportBrief.png */; };
		7AC30F5A197A887500A5C71C /* sportCollect@2x.png in Resources */ = {isa = PBXBuildFile; fileRef = 7AC30F45197A887500A5C71C /* sportCollect@2x.png */; };
		7AC30F5B197A887500A5C71C /* sportDetail@2x.png in Resources */ = {isa = PBXBuildFile; fileRef = 7AC30F46197A887500A5C71C /* sportDetail@2x.png */; };
		7AC30F5C197A887500A5C71C /* travelBrief@2x.png in Resources */ = {isa = PBXBuildFile; fileRef = 7AC30F47197A887500A5C71C /* travelBrief@2x.png */; };
		7AC30F5D197A887500A5C71C /* travelCollect@2x.png in Resources */ = {isa = PBXBuildFile; fileRef = 7AC30F48197A887500A5C71C /* travelCollect@2x.png */; };
		7AC30F5E197A887500A5C71C /* travelDetail@2x.png in Resources */ = {isa = PBXBuildFile; fileRef = 7AC30F49197A887500A5C71C /* travelDetail@2x.png */; };
		7AC30F62197A8AF900A5C71C /* ONERecommendationImageViewController.m in Sources */ = {isa = PBXBuildFile; fileRef = 7AC30F60197A8AF900A5C71C /* ONERecommendationImageViewController.m */; };
		7AC30F63197A8AF900A5C71C /* ONERecommendationImageViewController.xib in Resources */ = {isa = PBXBuildFile; fileRef = 7AC30F61197A8AF900A5C71C /* ONERecommendationImageViewController.xib */; };
		7AC30F65197A8BB200A5C71C /* aboutUs@2x.png in Resources */ = {isa = PBXBuildFile; fileRef = 7AC30F64197A8BB200A5C71C /* aboutUs@2x.png */; };
		7AC30F67197A985F00A5C71C /* hangzhou@2x.png in Resources */ = {isa = PBXBuildFile; fileRef = 7AC30F66197A985F00A5C71C /* hangzhou@2x.png */; };
		7AC572721977895C00DDD900 /* ONELogger.m in Sources */ = {isa = PBXBuildFile; fileRef = 7AC572711977895C00DDD900 /* ONELogger.m */; };
		7AC5E888197FB48C006E181C /* ONESettingNavigationViewController.m in Sources */ = {isa = PBXBuildFile; fileRef = 7AC5E887197FB48C006E181C /* ONESettingNavigationViewController.m */; };
		7AC7AE0E197A05A000BA283A /* ONESettingViewController.m in Sources */ = {isa = PBXBuildFile; fileRef = 7AC7AE0D197A05A000BA283A /* ONESettingViewController.m */; };
		7AC7AE12197A0A7D00BA283A /* ONEAboutUsViewController.m in Sources */ = {isa = PBXBuildFile; fileRef = 7AC7AE10197A0A7D00BA283A /* ONEAboutUsViewController.m */; };
		7AC7AE13197A0A7D00BA283A /* ONEAboutUsViewController.xib in Resources */ = {isa = PBXBuildFile; fileRef = 7AC7AE11197A0A7D00BA283A /* ONEAboutUsViewController.xib */; };
		7AC7AE16197A132800BA283A /* ONEResourceManager.m in Sources */ = {isa = PBXBuildFile; fileRef = 7AC7AE15197A132800BA283A /* ONEResourceManager.m */; };
		7ADB5C1C197FCCA0004B8DD2 /* loadingBlack@2x.gif in Resources */ = {isa = PBXBuildFile; fileRef = 7ADB5C19197FCCA0004B8DD2 /* loadingBlack@2x.gif */; };
		7ADB5C1D197FCCA0004B8DD2 /* loadingSmall@2x.gif in Resources */ = {isa = PBXBuildFile; fileRef = 7ADB5C1A197FCCA0004B8DD2 /* loadingSmall@2x.gif */; };
		7ADB5C1E197FCCA0004B8DD2 /* loadingWhite@2x.gif in Resources */ = {isa = PBXBuildFile; fileRef = 7ADB5C1B197FCCA0004B8DD2 /* loadingWhite@2x.gif */; };
		7ADB5C25197FE6FD004B8DD2 /* likeThis@2x.png in Resources */ = {isa = PBXBuildFile; fileRef = 7ADB5C23197FE6FD004B8DD2 /* likeThis@2x.png */; };
		7ADB5C26197FE6FD004B8DD2 /* likeThisSelected@2x.png in Resources */ = {isa = PBXBuildFile; fileRef = 7ADB5C24197FE6FD004B8DD2 /* likeThisSelected@2x.png */; };
		7ADB5C28197FE9D9004B8DD2 /* likeThisCircle@2x.png in Resources */ = {isa = PBXBuildFile; fileRef = 7ADB5C27197FE9D9004B8DD2 /* likeThisCircle@2x.png */; };
		7AF27FC019727B4B00BBC0AC /* Main.storyboard in Resources */ = {isa = PBXBuildFile; fileRef = 7AF27FBF19727B4B00BBC0AC /* Main.storyboard */; };
		7AF27FC319727B5B00BBC0AC /* ONERootViewController.m in Sources */ = {isa = PBXBuildFile; fileRef = 7AF27FC219727B5B00BBC0AC /* ONERootViewController.m */; };
		7AF27FC71972873D00BBC0AC /* ONERecommendationBriefViewController.m in Sources */ = {isa = PBXBuildFile; fileRef = 7AF27FC51972873D00BBC0AC /* ONERecommendationBriefViewController.m */; };
		7AF27FC81972873D00BBC0AC /* ONERecommendationBriefViewController.xib in Resources */ = {isa = PBXBuildFile; fileRef = 7AF27FC61972873D00BBC0AC /* ONERecommendationBriefViewController.xib */; };
		7AF27FCC197287EA00BBC0AC /* ONERecommendationDetailViewController.m in Sources */ = {isa = PBXBuildFile; fileRef = 7AF27FCA197287EA00BBC0AC /* ONERecommendationDetailViewController.m */; };
		7AF27FCD197287EA00BBC0AC /* ONERecommendationDetailViewController.xib in Resources */ = {isa = PBXBuildFile; fileRef = 7AF27FCB197287EA00BBC0AC /* ONERecommendationDetailViewController.xib */; };
		7AFDDEB2197190C40031F293 /* Foundation.framework in Frameworks */ = {isa = PBXBuildFile; fileRef = 7AFDDEB1197190C40031F293 /* Foundation.framework */; };
		7AFDDEB4197190C40031F293 /* CoreGraphics.framework in Frameworks */ = {isa = PBXBuildFile; fileRef = 7AFDDEB3197190C40031F293 /* CoreGraphics.framework */; };
		7AFDDEB6197190C40031F293 /* UIKit.framework in Frameworks */ = {isa = PBXBuildFile; fileRef = 7AFDDEB5197190C40031F293 /* UIKit.framework */; };
		7AFDDEBC197190C40031F293 /* InfoPlist.strings in Resources */ = {isa = PBXBuildFile; fileRef = 7AFDDEBA197190C40031F293 /* InfoPlist.strings */; };
		7AFDDEBE197190C40031F293 /* main.m in Sources */ = {isa = PBXBuildFile; fileRef = 7AFDDEBD197190C40031F293 /* main.m */; };
		7AFDDEC2197190C40031F293 /* ONEAppDelegate.m in Sources */ = {isa = PBXBuildFile; fileRef = 7AFDDEC1197190C40031F293 /* ONEAppDelegate.m */; };
		7AFDDEC4197190C40031F293 /* Images.xcassets in Resources */ = {isa = PBXBuildFile; fileRef = 7AFDDEC3197190C40031F293 /* Images.xcassets */; };
		7AFDDECB197190C40031F293 /* XCTest.framework in Frameworks */ = {isa = PBXBuildFile; fileRef = 7AFDDECA197190C40031F293 /* XCTest.framework */; };
		7AFDDECC197190C40031F293 /* Foundation.framework in Frameworks */ = {isa = PBXBuildFile; fileRef = 7AFDDEB1197190C40031F293 /* Foundation.framework */; };
		7AFDDECD197190C40031F293 /* UIKit.framework in Frameworks */ = {isa = PBXBuildFile; fileRef = 7AFDDEB5197190C40031F293 /* UIKit.framework */; };
		7AFDDED5197190C40031F293 /* InfoPlist.strings in Resources */ = {isa = PBXBuildFile; fileRef = 7AFDDED3197190C40031F293 /* InfoPlist.strings */; };
		7AFDDED7197190C40031F293 /* oneTests.m in Sources */ = {isa = PBXBuildFile; fileRef = 7AFDDED6197190C40031F293 /* oneTests.m */; };
/* End PBXBuildFile section */

/* Begin PBXContainerItemProxy section */
		7AFDDECE197190C40031F293 /* PBXContainerItemProxy */ = {
			isa = PBXContainerItemProxy;
			containerPortal = 7AFDDEA6197190C40031F293 /* Project object */;
			proxyType = 1;
			remoteGlobalIDString = 7AFDDEAD197190C40031F293;
			remoteInfo = one;
		};
/* End PBXContainerItemProxy section */

/* Begin PBXFileReference section */
		7A59E84319729F6600E637D4 /* ONERecommendation.h */ = {isa = PBXFileReference; fileEncoding = 4; lastKnownFileType = sourcecode.c.h; path = ONERecommendation.h; sourceTree = "<group>"; };
		7A59E84419729F6600E637D4 /* ONERecommendation.m */ = {isa = PBXFileReference; fileEncoding = 4; lastKnownFileType = sourcecode.c.objc; path = ONERecommendation.m; sourceTree = "<group>"; };
		7A937B3D197622BD0087D4F2 /* ONESessionDelegate.h */ = {isa = PBXFileReference; fileEncoding = 4; lastKnownFileType = sourcecode.c.h; path = ONESessionDelegate.h; sourceTree = "<group>"; };
		7A937B3E197622BD0087D4F2 /* ONESessionDelegate.m */ = {isa = PBXFileReference; fileEncoding = 4; lastKnownFileType = sourcecode.c.objc; path = ONESessionDelegate.m; sourceTree = "<group>"; };
		7A937B4019766E760087D4F2 /* ONERecommendationManager.h */ = {isa = PBXFileReference; fileEncoding = 4; lastKnownFileType = sourcecode.c.h; path = ONERecommendationManager.h; sourceTree = "<group>"; };
		7A937B4119766E760087D4F2 /* ONERecommendationManager.m */ = {isa = PBXFileReference; fileEncoding = 4; lastKnownFileType = sourcecode.c.objc; path = ONERecommendationManager.m; sourceTree = "<group>"; };
		7A937B43197678E40087D4F2 /* ONEDateUtils.h */ = {isa = PBXFileReference; fileEncoding = 4; lastKnownFileType = sourcecode.c.h; path = ONEDateUtils.h; sourceTree = "<group>"; };
		7A937B44197678E40087D4F2 /* ONEDateUtils.m */ = {isa = PBXFileReference; fileEncoding = 4; lastKnownFileType = sourcecode.c.objc; path = ONEDateUtils.m; sourceTree = "<group>"; };
		7AB018AF197E21A000BB0F4E /* onelife@2x.png */ = {isa = PBXFileReference; lastKnownFileType = image.png; path = "onelife@2x.png"; sourceTree = "<group>"; };
		7AB018B1197E245D00BB0F4E /* beautyCollect@2x.png */ = {isa = PBXFileReference; lastKnownFileType = image.png; path = "beautyCollect@2x.png"; sourceTree = "<group>"; };
		7AB018B2197E245D00BB0F4E /* beautyDetail@2x.png */ = {isa = PBXFileReference; lastKnownFileType = image.png; path = "beautyDetail@2x.png"; sourceTree = "<group>"; };
		7AB018B5197E24D000BB0F4E /* returnGrayWhite@2x.png */ = {isa = PBXFileReference; lastKnownFileType = image.png; path = "returnGrayWhite@2x.png"; sourceTree = "<group>"; };
		7AB018B6197E24D000BB0F4E /* returnGrayWhiteSelected@2x.png */ = {isa = PBXFileReference; lastKnownFileType = image.png; path = "returnGrayWhiteSelected@2x.png"; sourceTree = "<group>"; };
		7AB018B9197E26DC00BB0F4E /* collectDetail@2x.png */ = {isa = PBXFileReference; lastKnownFileType = image.png; path = "collectDetail@2x.png"; sourceTree = "<group>"; };
		7AB018BA197E26DC00BB0F4E /* collectDetailSelected@2x.png */ = {isa = PBXFileReference; lastKnownFileType = image.png; path = "collectDetailSelected@2x.png"; sourceTree = "<group>"; };
		7AB018BB197E26DC00BB0F4E /* shareDetail@2x.png */ = {isa = PBXFileReference; lastKnownFileType = image.png; path = "shareDetail@2x.png"; sourceTree = "<group>"; };
		7AB018BC197E26DC00BB0F4E /* shareDetailSelected@2x.png */ = {isa = PBXFileReference; lastKnownFileType = image.png; path = "shareDetailSelected@2x.png"; sourceTree = "<group>"; };
		7AB018C1197E333000BB0F4E /* ONEViewUtils.h */ = {isa = PBXFileReference; fileEncoding = 4; lastKnownFileType = sourcecode.c.h; path = ONEViewUtils.h; sourceTree = "<group>"; };
		7AB018C2197E333000BB0F4E /* ONEViewUtils.m */ = {isa = PBXFileReference; fileEncoding = 4; lastKnownFileType = sourcecode.c.objc; path = ONEViewUtils.m; sourceTree = "<group>"; };
		7AB018C5197E35A800BB0F4E /* collect@2x.png */ = {isa = PBXFileReference; lastKnownFileType = image.png; path = "collect@2x.png"; sourceTree = "<group>"; };
		7AB018C7197E35A800BB0F4E /* setting@2x.png */ = {isa = PBXFileReference; lastKnownFileType = image.png; path = "setting@2x.png"; sourceTree = "<group>"; };
		7AB018C9197E35A800BB0F4E /* share@2x.png */ = {isa = PBXFileReference; lastKnownFileType = image.png; path = "share@2x.png"; sourceTree = "<group>"; };
		7AB018CB197E35A800BB0F4E /* viewCollection@2x.png */ = {isa = PBXFileReference; lastKnownFileType = image.png; path = "viewCollection@2x.png"; sourceTree = "<group>"; };
		7AB018DE197E3BAB00BB0F4E /* settingSelected@2x.png */ = {isa = PBXFileReference; lastKnownFileType = image.png; path = "settingSelected@2x.png"; sourceTree = "<group>"; };
		7AB018DF197E3BAB00BB0F4E /* shareSelected@2x.png */ = {isa = PBXFileReference; lastKnownFileType = image.png; path = "shareSelected@2x.png"; sourceTree = "<group>"; };
		7AB018E0197E3BAB00BB0F4E /* viewCollectionSelected@2x.png */ = {isa = PBXFileReference; lastKnownFileType = image.png; path = "viewCollectionSelected@2x.png"; sourceTree = "<group>"; };
		7AB018E5197E3C4800BB0F4E /* heart@2x.png */ = {isa = PBXFileReference; lastKnownFileType = image.png; path = "heart@2x.png"; sourceTree = "<group>"; };
		7AB018E6197E3C4800BB0F4E /* info@2x.png */ = {isa = PBXFileReference; lastKnownFileType = image.png; path = "info@2x.png"; sourceTree = "<group>"; };
		7AB018E7197E3C4800BB0F4E /* like@2x.png */ = {isa = PBXFileReference; lastKnownFileType = image.png; path = "like@2x.png"; sourceTree = "<group>"; };
		7AB018EB197E3C9E00BB0F4E /* close@2x.png */ = {isa = PBXFileReference; lastKnownFileType = image.png; path = "close@2x.png"; sourceTree = "<group>"; };
		7AB018EC197E3C9E00BB0F4E /* closeSelected@2x.png */ = {isa = PBXFileReference; lastKnownFileType = image.png; path = "closeSelected@2x.png"; sourceTree = "<group>"; };
		7AB018ED197E3C9E00BB0F4E /* complete@2x.png */ = {isa = PBXFileReference; lastKnownFileType = image.png; path = "complete@2x.png"; sourceTree = "<group>"; };
		7AB018EE197E3C9E00BB0F4E /* completeSelected@2x.png */ = {isa = PBXFileReference; lastKnownFileType = image.png; path = "completeSelected@2x.png"; sourceTree = "<group>"; };
		7AB018EF197E3C9E00BB0F4E /* edit@2x.png */ = {isa = PBXFileReference; lastKnownFileType = image.png; path = "edit@2x.png"; sourceTree = "<group>"; };
		7AB018F0197E3C9E00BB0F4E /* editSelected@2x.png */ = {isa = PBXFileReference; lastKnownFileType = image.png; path = "editSelected@2x.png"; sourceTree = "<group>"; };
		7AB018F7197E3EF800BB0F4E /* ONEStringUtils.h */ = {isa = PBXFileReference; fileEncoding = 4; lastKnownFileType = sourcecode.c.h; path = ONEStringUtils.h; sourceTree = "<group>"; };
		7AB018F8197E3EF800BB0F4E /* ONEStringUtils.m */ = {isa = PBXFileReference; fileEncoding = 4; lastKnownFileType = sourcecode.c.objc; path = ONEStringUtils.m; sourceTree = "<group>"; };
		7AB018FA197E3FA300BB0F4E /* collectSelected@2x.png */ = {isa = PBXFileReference; lastKnownFileType = image.png; path = "collectSelected@2x.png"; sourceTree = "<group>"; };
		7AB018FC197E41AB00BB0F4E /* return@2x.png */ = {isa = PBXFileReference; lastKnownFileType = image.png; path = "return@2x.png"; sourceTree = "<group>"; };
		7AB018FD197E41AB00BB0F4E /* returnSelected@2x.png */ = {isa = PBXFileReference; lastKnownFileType = image.png; path = "returnSelected@2x.png"; sourceTree = "<group>"; };
		7AB01903197E849800BB0F4E /* onelifeArticleTmp.png */ = {isa = PBXFileReference; lastKnownFileType = image.png; path = onelifeArticleTmp.png; sourceTree = "<group>"; };
		7AB3BAB5197CAADA009457E4 /* ONEShareViewController.h */ = {isa = PBXFileReference; fileEncoding = 4; lastKnownFileType = sourcecode.c.h; path = ONEShareViewController.h; sourceTree = "<group>"; };
		7AB3BAB6197CAADA009457E4 /* ONEShareViewController.m */ = {isa = PBXFileReference; fileEncoding = 4; lastKnownFileType = sourcecode.c.objc; path = ONEShareViewController.m; sourceTree = "<group>"; };
		7AB3BAB7197CAADA009457E4 /* ONEShareViewController.xib */ = {isa = PBXFileReference; fileEncoding = 4; lastKnownFileType = file.xib; path = ONEShareViewController.xib; sourceTree = "<group>"; };
		7AB3BABB197CBC40009457E4 /* cancel@2x.png */ = {isa = PBXFileReference; lastKnownFileType = image.png; name = "cancel@2x.png"; path = "../cancel@2x.png"; sourceTree = "<group>"; };
		7AB3BABC197CBC40009457E4 /* cancelSelected@2x.png */ = {isa = PBXFileReference; lastKnownFileType = image.png; name = "cancelSelected@2x.png"; path = "../cancelSelected@2x.png"; sourceTree = "<group>"; };
		7AB3BAC0197CC06B009457E4 /* weixin@2x.png */ = {isa = PBXFileReference; lastKnownFileType = image.png; path = "weixin@2x.png"; sourceTree = "<group>"; };
		7AB3BAC1197CC06B009457E4 /* weixinFriends@2x.png */ = {isa = PBXFileReference; lastKnownFileType = image.png; path = "weixinFriends@2x.png"; sourceTree = "<group>"; };
		7AB3BAC2197CC06B009457E4 /* weixinFriendsSelected@2x.png */ = {isa = PBXFileReference; lastKnownFileType = image.png; path = "weixinFriendsSelected@2x.png"; sourceTree = "<group>"; };
		7AB3BAC3197CC06B009457E4 /* weixinSelected@2x.png */ = {isa = PBXFileReference; lastKnownFileType = image.png; path = "weixinSelected@2x.png"; sourceTree = "<group>"; };
		7AB3BAC4197CC06B009457E4 /* yixin@2x.png */ = {isa = PBXFileReference; lastKnownFileType = image.png; path = "yixin@2x.png"; sourceTree = "<group>"; };
		7AB3BAC5197CC06B009457E4 /* yixinFriends@2x.png */ = {isa = PBXFileReference; lastKnownFileType = image.png; path = "yixinFriends@2x.png"; sourceTree = "<group>"; };
		7AB3BAC6197CC06B009457E4 /* yixinFriendsSelected@2x.png */ = {isa = PBXFileReference; lastKnownFileType = image.png; path = "yixinFriendsSelected@2x.png"; sourceTree = "<group>"; };
		7AB3BAC7197CC06B009457E4 /* yixinSelected@2x.png */ = {isa = PBXFileReference; lastKnownFileType = image.png; path = "yixinSelected@2x.png"; sourceTree = "<group>"; };
		7AB6AAB91978BA06002A8992 /* ONERecommendationCollectionViewController.h */ = {isa = PBXFileReference; fileEncoding = 4; lastKnownFileType = sourcecode.c.h; path = ONERecommendationCollectionViewController.h; sourceTree = "<group>"; };
		7AB6AABA1978BA06002A8992 /* ONERecommendationCollectionViewController.m */ = {isa = PBXFileReference; fileEncoding = 4; lastKnownFileType = sourcecode.c.objc; path = ONERecommendationCollectionViewController.m; sourceTree = "<group>"; };
		7AB6AAC119794F56002A8992 /* JCRBlurView.h */ = {isa = PBXFileReference; fileEncoding = 4; lastKnownFileType = sourcecode.c.h; path = JCRBlurView.h; sourceTree = "<group>"; };
		7AB6AAC219794F56002A8992 /* JCRBlurView.m */ = {isa = PBXFileReference; fileEncoding = 4; lastKnownFileType = sourcecode.c.objc; path = JCRBlurView.m; sourceTree = "<group>"; };
		7AB703B7197B92EB008DE376 /* ONEAnimationHelper.h */ = {isa = PBXFileReference; fileEncoding = 4; lastKnownFileType = sourcecode.c.h; path = ONEAnimationHelper.h; sourceTree = "<group>"; };
		7AB703B8197B92EB008DE376 /* ONEAnimationHelper.m */ = {isa = PBXFileReference; fileEncoding = 4; lastKnownFileType = sourcecode.c.objc; path = ONEAnimationHelper.m; sourceTree = "<group>"; };
		7AB77FD9197D6DDE0004FFDF /* FLAnimatedImage.h */ = {isa = PBXFileReference; fileEncoding = 4; lastKnownFileType = sourcecode.c.h; path = FLAnimatedImage.h; sourceTree = "<group>"; };
		7AB77FDA197D6DDE0004FFDF /* FLAnimatedImage.m */ = {isa = PBXFileReference; fileEncoding = 4; lastKnownFileType = sourcecode.c.objc; path = FLAnimatedImage.m; sourceTree = "<group>"; };
		7AB77FDB197D6DDE0004FFDF /* FLAnimatedImageView.h */ = {isa = PBXFileReference; fileEncoding = 4; lastKnownFileType = sourcecode.c.h; path = FLAnimatedImageView.h; sourceTree = "<group>"; };
		7AB77FDC197D6DDE0004FFDF /* FLAnimatedImageView.m */ = {isa = PBXFileReference; fileEncoding = 4; lastKnownFileType = sourcecode.c.objc; path = FLAnimatedImageView.m; sourceTree = "<group>"; };
		7AC30EE9197A529900A5C71C /* onelifeLogo@2x.png */ = {isa = PBXFileReference; lastKnownFileType = image.png; path = "onelifeLogo@2x.png"; sourceTree = "<group>"; };
		7AC30F00197A647000A5C71C /* arrowRightGrey@2x.png */ = {isa = PBXFileReference; lastKnownFileType = image.png; path = "arrowRightGrey@2x.png"; sourceTree = "<group>"; };
		7AC30F01197A647000A5C71C /* arrowRightWhite@2x.png */ = {isa = PBXFileReference; lastKnownFileType = image.png; path = "arrowRightWhite@2x.png"; sourceTree = "<group>"; };
		7AC30F35197A887500A5C71C /* beautyBrief@2x.png */ = {isa = PBXFileReference; lastKnownFileType = image.png; path = "beautyBrief@2x.png"; sourceTree = "<group>"; };
		7AC30F38197A887500A5C71C /* foodBrief@2x.png */ = {isa = PBXFileReference; lastKnownFileType = image.png; path = "foodBrief@2x.png"; sourceTree = "<group>"; };
		7AC30F39197A887500A5C71C /* foodCollect@2x.png */ = {isa = PBXFileReference; lastKnownFileType = image.png; path = "foodCollect@2x.png"; sourceTree = "<group>"; };
		7AC30F3A197A887500A5C71C /* foodDetail@2x.png */ = {isa = PBXFileReference; lastKnownFileType = image.png; path = "foodDetail@2x.png"; sourceTree = "<group>"; };
		7AC30F3B197A887500A5C71C /* funBrief@2x.png */ = {isa = PBXFileReference; lastKnownFileType = image.png; path = "funBrief@2x.png"; sourceTree = "<group>"; };
		7AC30F3C197A887500A5C71C /* funCollect@2x.png */ = {isa = PBXFileReference; lastKnownFileType = image.png; path = "funCollect@2x.png"; sourceTree = "<group>"; };
		7AC30F3D197A887500A5C71C /* funDetail@2x.png */ = {isa = PBXFileReference; lastKnownFileType = image.png; path = "funDetail@2x.png"; sourceTree = "<group>"; };
		7AC30F3E197A887500A5C71C /* houseBrief@2x.png */ = {isa = PBXFileReference; lastKnownFileType = image.png; path = "houseBrief@2x.png"; sourceTree = "<group>"; };
		7AC30F3F197A887500A5C71C /* houseCollect@2x.png */ = {isa = PBXFileReference; lastKnownFileType = image.png; path = "houseCollect@2x.png"; sourceTree = "<group>"; };
		7AC30F40197A887500A5C71C /* houseDetail@2x.png */ = {isa = PBXFileReference; lastKnownFileType = image.png; path = "houseDetail@2x.png"; sourceTree = "<group>"; };
		7AC30F41197A887500A5C71C /* shoppingBrief@2x.png */ = {isa = PBXFileReference; lastKnownFileType = image.png; path = "shoppingBrief@2x.png"; sourceTree = "<group>"; };
		7AC30F42197A887500A5C71C /* shoppingCollect@2x.png */ = {isa = PBXFileReference; lastKnownFileType = image.png; path = "shoppingCollect@2x.png"; sourceTree = "<group>"; };
		7AC30F43197A887500A5C71C /* shoppingDetail@2x.png */ = {isa = PBXFileReference; lastKnownFileType = image.png; path = "shoppingDetail@2x.png"; sourceTree = "<group>"; };
		7AC30F44197A887500A5C71C /* sportBrief.png */ = {isa = PBXFileReference; lastKnownFileType = image.png; path = sportBrief.png; sourceTree = "<group>"; };
		7AC30F45197A887500A5C71C /* sportCollect@2x.png */ = {isa = PBXFileReference; lastKnownFileType = image.png; path = "sportCollect@2x.png"; sourceTree = "<group>"; };
		7AC30F46197A887500A5C71C /* sportDetail@2x.png */ = {isa = PBXFileReference; lastKnownFileType = image.png; path = "sportDetail@2x.png"; sourceTree = "<group>"; };
		7AC30F47197A887500A5C71C /* travelBrief@2x.png */ = {isa = PBXFileReference; lastKnownFileType = image.png; path = "travelBrief@2x.png"; sourceTree = "<group>"; };
		7AC30F48197A887500A5C71C /* travelCollect@2x.png */ = {isa = PBXFileReference; lastKnownFileType = image.png; path = "travelCollect@2x.png"; sourceTree = "<group>"; };
		7AC30F49197A887500A5C71C /* travelDetail@2x.png */ = {isa = PBXFileReference; lastKnownFileType = image.png; path = "travelDetail@2x.png"; sourceTree = "<group>"; };
		7AC30F5F197A8AF900A5C71C /* ONERecommendationImageViewController.h */ = {isa = PBXFileReference; fileEncoding = 4; lastKnownFileType = sourcecode.c.h; path = ONERecommendationImageViewController.h; sourceTree = "<group>"; };
		7AC30F60197A8AF900A5C71C /* ONERecommendationImageViewController.m */ = {isa = PBXFileReference; fileEncoding = 4; lastKnownFileType = sourcecode.c.objc; path = ONERecommendationImageViewController.m; sourceTree = "<group>"; };
		7AC30F61197A8AF900A5C71C /* ONERecommendationImageViewController.xib */ = {isa = PBXFileReference; fileEncoding = 4; lastKnownFileType = file.xib; path = ONERecommendationImageViewController.xib; sourceTree = "<group>"; };
		7AC30F64197A8BB200A5C71C /* aboutUs@2x.png */ = {isa = PBXFileReference; lastKnownFileType = image.png; path = "aboutUs@2x.png"; sourceTree = "<group>"; };
		7AC30F66197A985F00A5C71C /* hangzhou@2x.png */ = {isa = PBXFileReference; lastKnownFileType = image.png; path = "hangzhou@2x.png"; sourceTree = "<group>"; };
		7AC572701977895C00DDD900 /* ONELogger.h */ = {isa = PBXFileReference; fileEncoding = 4; lastKnownFileType = sourcecode.c.h; path = ONELogger.h; sourceTree = "<group>"; };
		7AC572711977895C00DDD900 /* ONELogger.m */ = {isa = PBXFileReference; fileEncoding = 4; lastKnownFileType = sourcecode.c.objc; path = ONELogger.m; sourceTree = "<group>"; };
		7AC5E886197FB48C006E181C /* ONESettingNavigationViewController.h */ = {isa = PBXFileReference; fileEncoding = 4; lastKnownFileType = sourcecode.c.h; path = ONESettingNavigationViewController.h; sourceTree = "<group>"; };
		7AC5E887197FB48C006E181C /* ONESettingNavigationViewController.m */ = {isa = PBXFileReference; fileEncoding = 4; lastKnownFileType = sourcecode.c.objc; path = ONESettingNavigationViewController.m; sourceTree = "<group>"; };
		7AC7AE0C197A05A000BA283A /* ONESettingViewController.h */ = {isa = PBXFileReference; fileEncoding = 4; lastKnownFileType = sourcecode.c.h; path = ONESettingViewController.h; sourceTree = "<group>"; };
		7AC7AE0D197A05A000BA283A /* ONESettingViewController.m */ = {isa = PBXFileReference; fileEncoding = 4; lastKnownFileType = sourcecode.c.objc; path = ONESettingViewController.m; sourceTree = "<group>"; };
		7AC7AE0F197A0A7D00BA283A /* ONEAboutUsViewController.h */ = {isa = PBXFileReference; fileEncoding = 4; lastKnownFileType = sourcecode.c.h; path = ONEAboutUsViewController.h; sourceTree = "<group>"; };
		7AC7AE10197A0A7D00BA283A /* ONEAboutUsViewController.m */ = {isa = PBXFileReference; fileEncoding = 4; lastKnownFileType = sourcecode.c.objc; path = ONEAboutUsViewController.m; sourceTree = "<group>"; };
		7AC7AE11197A0A7D00BA283A /* ONEAboutUsViewController.xib */ = {isa = PBXFileReference; fileEncoding = 4; lastKnownFileType = file.xib; path = ONEAboutUsViewController.xib; sourceTree = "<group>"; };
		7AC7AE14197A132800BA283A /* ONEResourceManager.h */ = {isa = PBXFileReference; fileEncoding = 4; lastKnownFileType = sourcecode.c.h; path = ONEResourceManager.h; sourceTree = "<group>"; };
		7AC7AE15197A132800BA283A /* ONEResourceManager.m */ = {isa = PBXFileReference; fileEncoding = 4; lastKnownFileType = sourcecode.c.objc; path = ONEResourceManager.m; sourceTree = "<group>"; };
		7ADB5C19197FCCA0004B8DD2 /* loadingBlack@2x.gif */ = {isa = PBXFileReference; lastKnownFileType = image.gif; path = "loadingBlack@2x.gif"; sourceTree = "<group>"; };
		7ADB5C1A197FCCA0004B8DD2 /* loadingSmall@2x.gif */ = {isa = PBXFileReference; lastKnownFileType = image.gif; path = "loadingSmall@2x.gif"; sourceTree = "<group>"; };
		7ADB5C1B197FCCA0004B8DD2 /* loadingWhite@2x.gif */ = {isa = PBXFileReference; lastKnownFileType = image.gif; path = "loadingWhite@2x.gif"; sourceTree = "<group>"; };
		7ADB5C23197FE6FD004B8DD2 /* likeThis@2x.png */ = {isa = PBXFileReference; lastKnownFileType = image.png; path = "likeThis@2x.png"; sourceTree = "<group>"; };
		7ADB5C24197FE6FD004B8DD2 /* likeThisSelected@2x.png */ = {isa = PBXFileReference; lastKnownFileType = image.png; path = "likeThisSelected@2x.png"; sourceTree = "<group>"; };
		7ADB5C27197FE9D9004B8DD2 /* likeThisCircle@2x.png */ = {isa = PBXFileReference; lastKnownFileType = image.png; path = "likeThisCircle@2x.png"; sourceTree = "<group>"; };
		7AF27FBF19727B4B00BBC0AC /* Main.storyboard */ = {isa = PBXFileReference; fileEncoding = 4; lastKnownFileType = file.storyboard; path = Main.storyboard; sourceTree = "<group>"; };
		7AF27FC119727B5B00BBC0AC /* ONERootViewController.h */ = {isa = PBXFileReference; fileEncoding = 4; lastKnownFileType = sourcecode.c.h; path = ONERootViewController.h; sourceTree = "<group>"; };
		7AF27FC219727B5B00BBC0AC /* ONERootViewController.m */ = {isa = PBXFileReference; fileEncoding = 4; lastKnownFileType = sourcecode.c.objc; path = ONERootViewController.m; sourceTree = "<group>"; };
		7AF27FC41972873D00BBC0AC /* ONERecommendationBriefViewController.h */ = {isa = PBXFileReference; fileEncoding = 4; lastKnownFileType = sourcecode.c.h; path = ONERecommendationBriefViewController.h; sourceTree = "<group>"; };
		7AF27FC51972873D00BBC0AC /* ONERecommendationBriefViewController.m */ = {isa = PBXFileReference; fileEncoding = 4; lastKnownFileType = sourcecode.c.objc; path = ONERecommendationBriefViewController.m; sourceTree = "<group>"; };
		7AF27FC61972873D00BBC0AC /* ONERecommendationBriefViewController.xib */ = {isa = PBXFileReference; fileEncoding = 4; lastKnownFileType = file.xib; path = ONERecommendationBriefViewController.xib; sourceTree = "<group>"; };
		7AF27FC9197287EA00BBC0AC /* ONERecommendationDetailViewController.h */ = {isa = PBXFileReference; fileEncoding = 4; lastKnownFileType = sourcecode.c.h; path = ONERecommendationDetailViewController.h; sourceTree = "<group>"; };
		7AF27FCA197287EA00BBC0AC /* ONERecommendationDetailViewController.m */ = {isa = PBXFileReference; fileEncoding = 4; lastKnownFileType = sourcecode.c.objc; path = ONERecommendationDetailViewController.m; sourceTree = "<group>"; };
		7AF27FCB197287EA00BBC0AC /* ONERecommendationDetailViewController.xib */ = {isa = PBXFileReference; fileEncoding = 4; lastKnownFileType = file.xib; path = ONERecommendationDetailViewController.xib; sourceTree = "<group>"; };
		7AFDDEAE197190C40031F293 /* ONELife.app */ = {isa = PBXFileReference; explicitFileType = wrapper.application; includeInIndex = 0; path = ONELife.app; sourceTree = BUILT_PRODUCTS_DIR; };
		7AFDDEB1197190C40031F293 /* Foundation.framework */ = {isa = PBXFileReference; lastKnownFileType = wrapper.framework; name = Foundation.framework; path = System/Library/Frameworks/Foundation.framework; sourceTree = SDKROOT; };
		7AFDDEB3197190C40031F293 /* CoreGraphics.framework */ = {isa = PBXFileReference; lastKnownFileType = wrapper.framework; name = CoreGraphics.framework; path = System/Library/Frameworks/CoreGraphics.framework; sourceTree = SDKROOT; };
		7AFDDEB5197190C40031F293 /* UIKit.framework */ = {isa = PBXFileReference; lastKnownFileType = wrapper.framework; name = UIKit.framework; path = System/Library/Frameworks/UIKit.framework; sourceTree = SDKROOT; };
		7AFDDEB9197190C40031F293 /* ONELife-Info.plist */ = {isa = PBXFileReference; lastKnownFileType = text.plist.xml; path = "ONELife-Info.plist"; sourceTree = "<group>"; };
		7AFDDEBB197190C40031F293 /* en */ = {isa = PBXFileReference; lastKnownFileType = text.plist.strings; name = en; path = en.lproj/InfoPlist.strings; sourceTree = "<group>"; };
		7AFDDEBD197190C40031F293 /* main.m */ = {isa = PBXFileReference; lastKnownFileType = sourcecode.c.objc; path = main.m; sourceTree = "<group>"; };
		7AFDDEBF197190C40031F293 /* ONELife-Prefix.pch */ = {isa = PBXFileReference; lastKnownFileType = sourcecode.c.h; path = "ONELife-Prefix.pch"; sourceTree = "<group>"; };
		7AFDDEC0197190C40031F293 /* ONEAppDelegate.h */ = {isa = PBXFileReference; lastKnownFileType = sourcecode.c.h; path = ONEAppDelegate.h; sourceTree = "<group>"; };
		7AFDDEC1197190C40031F293 /* ONEAppDelegate.m */ = {isa = PBXFileReference; lastKnownFileType = sourcecode.c.objc; path = ONEAppDelegate.m; sourceTree = "<group>"; };
		7AFDDEC3197190C40031F293 /* Images.xcassets */ = {isa = PBXFileReference; lastKnownFileType = folder.assetcatalog; path = Images.xcassets; sourceTree = "<group>"; };
		7AFDDEC9197190C40031F293 /* ONELifeTests.xctest */ = {isa = PBXFileReference; explicitFileType = wrapper.cfbundle; includeInIndex = 0; path = ONELifeTests.xctest; sourceTree = BUILT_PRODUCTS_DIR; };
		7AFDDECA197190C40031F293 /* XCTest.framework */ = {isa = PBXFileReference; lastKnownFileType = wrapper.framework; name = XCTest.framework; path = Library/Frameworks/XCTest.framework; sourceTree = DEVELOPER_DIR; };
		7AFDDED2197190C40031F293 /* ONELifeTests-Info.plist */ = {isa = PBXFileReference; lastKnownFileType = text.plist.xml; path = "ONELifeTests-Info.plist"; sourceTree = "<group>"; };
		7AFDDED4197190C40031F293 /* en */ = {isa = PBXFileReference; lastKnownFileType = text.plist.strings; name = en; path = en.lproj/InfoPlist.strings; sourceTree = "<group>"; };
		7AFDDED6197190C40031F293 /* oneTests.m */ = {isa = PBXFileReference; lastKnownFileType = sourcecode.c.objc; path = oneTests.m; sourceTree = "<group>"; };
/* End PBXFileReference section */

/* Begin PBXFrameworksBuildPhase section */
		7AFDDEAB197190C40031F293 /* Frameworks */ = {
			isa = PBXFrameworksBuildPhase;
			buildActionMask = 2147483647;
			files = (
				7AFDDEB4197190C40031F293 /* CoreGraphics.framework in Frameworks */,
				7AFDDEB6197190C40031F293 /* UIKit.framework in Frameworks */,
				7AFDDEB2197190C40031F293 /* Foundation.framework in Frameworks */,
			);
			runOnlyForDeploymentPostprocessing = 0;
		};
		7AFDDEC6197190C40031F293 /* Frameworks */ = {
			isa = PBXFrameworksBuildPhase;
			buildActionMask = 2147483647;
			files = (
				7AFDDECB197190C40031F293 /* XCTest.framework in Frameworks */,
				7AFDDECD197190C40031F293 /* UIKit.framework in Frameworks */,
				7AFDDECC197190C40031F293 /* Foundation.framework in Frameworks */,
			);
			runOnlyForDeploymentPostprocessing = 0;
		};
/* End PBXFrameworksBuildPhase section */

/* Begin PBXGroup section */
		7A8196DC1973D24E0032B38F /* view */ = {
			isa = PBXGroup;
			children = (
				7AB703BA197B92F4008DE376 /* animation */,
				7AB77FD8197D6DDE0004FFDF /* FLAnimatedImage */,
				7AB6AAC119794F56002A8992 /* JCRBlurView.h */,
				7AB6AAC219794F56002A8992 /* JCRBlurView.m */,
				7AF27FBF19727B4B00BBC0AC /* Main.storyboard */,
			);
			name = view;
			sourceTree = "<group>";
		};
		7A8196DD1973D2580032B38F /* model */ = {
			isa = PBXGroup;
			children = (
				7A59E84319729F6600E637D4 /* ONERecommendation.h */,
				7A59E84419729F6600E637D4 /* ONERecommendation.m */,
				7A937B4019766E760087D4F2 /* ONERecommendationManager.h */,
				7A937B4119766E760087D4F2 /* ONERecommendationManager.m */,
			);
			name = model;
			sourceTree = "<group>";
		};
		7A8196DE1973D2610032B38F /* controller */ = {
			isa = PBXGroup;
			children = (
				7AF27FC41972873D00BBC0AC /* ONERecommendationBriefViewController.h */,
				7AF27FC51972873D00BBC0AC /* ONERecommendationBriefViewController.m */,
				7AF27FC61972873D00BBC0AC /* ONERecommendationBriefViewController.xib */,
				7AF27FC9197287EA00BBC0AC /* ONERecommendationDetailViewController.h */,
				7AF27FCA197287EA00BBC0AC /* ONERecommendationDetailViewController.m */,
				7AF27FCB197287EA00BBC0AC /* ONERecommendationDetailViewController.xib */,
				7AF27FC119727B5B00BBC0AC /* ONERootViewController.h */,
				7AF27FC219727B5B00BBC0AC /* ONERootViewController.m */,
				7AB6AAB91978BA06002A8992 /* ONERecommendationCollectionViewController.h */,
				7AB6AABA1978BA06002A8992 /* ONERecommendationCollectionViewController.m */,
				7AC7AE0C197A05A000BA283A /* ONESettingViewController.h */,
				7AC7AE0D197A05A000BA283A /* ONESettingViewController.m */,
				7AC7AE0F197A0A7D00BA283A /* ONEAboutUsViewController.h */,
				7AC7AE10197A0A7D00BA283A /* ONEAboutUsViewController.m */,
				7AC7AE11197A0A7D00BA283A /* ONEAboutUsViewController.xib */,
				7AC30F5F197A8AF900A5C71C /* ONERecommendationImageViewController.h */,
				7AC30F60197A8AF900A5C71C /* ONERecommendationImageViewController.m */,
				7AC30F61197A8AF900A5C71C /* ONERecommendationImageViewController.xib */,
				7AB3BAB5197CAADA009457E4 /* ONEShareViewController.h */,
				7AB3BAB6197CAADA009457E4 /* ONEShareViewController.m */,
				7AB3BAB7197CAADA009457E4 /* ONEShareViewController.xib */,
				7AC5E886197FB48C006E181C /* ONESettingNavigationViewController.h */,
				7AC5E887197FB48C006E181C /* ONESettingNavigationViewController.m */,
			);
			name = controller;
			sourceTree = "<group>";
		};
		7A937B3C197622930087D4F2 /* data */ = {
			isa = PBXGroup;
			children = (
				7A937B3D197622BD0087D4F2 /* ONESessionDelegate.h */,
				7A937B3E197622BD0087D4F2 /* ONESessionDelegate.m */,
				7AC572701977895C00DDD900 /* ONELogger.h */,
				7AC572711977895C00DDD900 /* ONELogger.m */,
				7AC7AE14197A132800BA283A /* ONEResourceManager.h */,
				7AC7AE15197A132800BA283A /* ONEResourceManager.m */,
			);
			name = data;
			sourceTree = "<group>";
		};
		7AB018C4197E35A800BB0F4E /* menu */ = {
			isa = PBXGroup;
			children = (
				7AB018C5197E35A800BB0F4E /* collect@2x.png */,
				7AB018FA197E3FA300BB0F4E /* collectSelected@2x.png */,
				7AB018C7197E35A800BB0F4E /* setting@2x.png */,
				7AB018DE197E3BAB00BB0F4E /* settingSelected@2x.png */,
				7AB018C9197E35A800BB0F4E /* share@2x.png */,
				7AB018DF197E3BAB00BB0F4E /* shareSelected@2x.png */,
				7AB018CB197E35A800BB0F4E /* viewCollection@2x.png */,
				7AB018E0197E3BAB00BB0F4E /* viewCollectionSelected@2x.png */,
			);
			path = menu;
			sourceTree = "<group>";
		};
		7AB018D7197E37E600BB0F4E /* ONELife */ = {
			isa = PBXGroup;
			children = (
				7AC30F64197A8BB200A5C71C /* aboutUs@2x.png */,
				7AB018AF197E21A000BB0F4E /* onelife@2x.png */,
				7AB01903197E849800BB0F4E /* onelifeArticleTmp.png */,
				7AC30EE9197A529900A5C71C /* onelifeLogo@2x.png */,
			);
			name = ONELife;
			sourceTree = "<group>";
		};
		7AB018D8197E381000BB0F4E /* detail */ = {
			isa = PBXGroup;
			children = (
				7AB018B9197E26DC00BB0F4E /* collectDetail@2x.png */,
				7AB018BA197E26DC00BB0F4E /* collectDetailSelected@2x.png */,
				7AB018BB197E26DC00BB0F4E /* shareDetail@2x.png */,
				7AB018BC197E26DC00BB0F4E /* shareDetailSelected@2x.png */,
			);
			name = detail;
			sourceTree = "<group>";
		};
		7AB018D9197E386000BB0F4E /* setting */ = {
			isa = PBXGroup;
			children = (
				7AB018E5197E3C4800BB0F4E /* heart@2x.png */,
				7AB018E6197E3C4800BB0F4E /* info@2x.png */,
				7AB018E7197E3C4800BB0F4E /* like@2x.png */,
			);
			name = setting;
			sourceTree = "<group>";
		};
		7AB018DA197E388000BB0F4E /* brief */ = {
			isa = PBXGroup;
			children = (
				7ADB5C27197FE9D9004B8DD2 /* likeThisCircle@2x.png */,
				7ADB5C23197FE6FD004B8DD2 /* likeThis@2x.png */,
				7ADB5C24197FE6FD004B8DD2 /* likeThisSelected@2x.png */,
			);
			name = brief;
			sourceTree = "<group>";
		};
		7AB018DB197E389600BB0F4E /* button */ = {
			isa = PBXGroup;
			children = (
				7AC30F00197A647000A5C71C /* arrowRightGrey@2x.png */,
				7AC30F01197A647000A5C71C /* arrowRightWhite@2x.png */,
				7AB018EB197E3C9E00BB0F4E /* close@2x.png */,
				7AB018EC197E3C9E00BB0F4E /* closeSelected@2x.png */,
				7AB018ED197E3C9E00BB0F4E /* complete@2x.png */,
				7AB018EE197E3C9E00BB0F4E /* completeSelected@2x.png */,
				7AB018EF197E3C9E00BB0F4E /* edit@2x.png */,
				7AB018F0197E3C9E00BB0F4E /* editSelected@2x.png */,
				7AB018FC197E41AB00BB0F4E /* return@2x.png */,
				7AB018FD197E41AB00BB0F4E /* returnSelected@2x.png */,
				7AB018B5197E24D000BB0F4E /* returnGrayWhite@2x.png */,
				7AB018B6197E24D000BB0F4E /* returnGrayWhiteSelected@2x.png */,
			);
			name = button;
			sourceTree = "<group>";
		};
		7AB018DC197E38BB00BB0F4E /* city */ = {
			isa = PBXGroup;
			children = (
				7AC30F66197A985F00A5C71C /* hangzhou@2x.png */,
			);
			name = city;
			sourceTree = "<group>";
		};
		7AB01902197E7A7400BB0F4E /* Utils */ = {
			isa = PBXGroup;
			children = (
				7AB018F7197E3EF800BB0F4E /* ONEStringUtils.h */,
				7AB018F8197E3EF800BB0F4E /* ONEStringUtils.m */,
				7AB018C1197E333000BB0F4E /* ONEViewUtils.h */,
				7AB018C2197E333000BB0F4E /* ONEViewUtils.m */,
				7A937B43197678E40087D4F2 /* ONEDateUtils.h */,
				7A937B44197678E40087D4F2 /* ONEDateUtils.m */,
			);
			name = Utils;
			sourceTree = "<group>";
		};
		7AB3BABF197CC06B009457E4 /* share */ = {
			isa = PBXGroup;
			children = (
				7AB3BABB197CBC40009457E4 /* cancel@2x.png */,
				7AB3BABC197CBC40009457E4 /* cancelSelected@2x.png */,
				7AB3BAC0197CC06B009457E4 /* weixin@2x.png */,
				7AB3BAC1197CC06B009457E4 /* weixinFriends@2x.png */,
				7AB3BAC2197CC06B009457E4 /* weixinFriendsSelected@2x.png */,
				7AB3BAC3197CC06B009457E4 /* weixinSelected@2x.png */,
				7AB3BAC4197CC06B009457E4 /* yixin@2x.png */,
				7AB3BAC5197CC06B009457E4 /* yixinFriends@2x.png */,
				7AB3BAC6197CC06B009457E4 /* yixinFriendsSelected@2x.png */,
				7AB3BAC7197CC06B009457E4 /* yixinSelected@2x.png */,
			);
			path = share;
			sourceTree = "<group>";
		};
		7AB703BA197B92F4008DE376 /* animation */ = {
			isa = PBXGroup;
			children = (
				7AB703B7197B92EB008DE376 /* ONEAnimationHelper.h */,
				7AB703B8197B92EB008DE376 /* ONEAnimationHelper.m */,
			);
			name = animation;
			sourceTree = "<group>";
		};
		7AB77FD8197D6DDE0004FFDF /* FLAnimatedImage */ = {
			isa = PBXGroup;
			children = (
				7AB77FD9197D6DDE0004FFDF /* FLAnimatedImage.h */,
				7AB77FDA197D6DDE0004FFDF /* FLAnimatedImage.m */,
				7AB77FDB197D6DDE0004FFDF /* FLAnimatedImageView.h */,
				7AB77FDC197D6DDE0004FFDF /* FLAnimatedImageView.m */,
			);
			path = FLAnimatedImage;
			sourceTree = "<group>";
		};
		7AC30EBD197A350B00A5C71C /* image */ = {
			isa = PBXGroup;
			children = (
				7ADB5C18197FCCA0004B8DD2 /* loading */,
				7AB018DA197E388000BB0F4E /* brief */,
				7AB018DB197E389600BB0F4E /* button */,
				7AB018DC197E38BB00BB0F4E /* city */,
				7AB018D8197E381000BB0F4E /* detail */,
				7AB018C4197E35A800BB0F4E /* menu */,
				7AB018D7197E37E600BB0F4E /* ONELife */,
				7AB018D9197E386000BB0F4E /* setting */,
				7AB3BABF197CC06B009457E4 /* share */,
				7AC30F34197A887500A5C71C /* types */,
			);
			path = image;
			sourceTree = "<group>";
		};
		7AC30F34197A887500A5C71C /* types */ = {
			isa = PBXGroup;
			children = (
				7AC30F35197A887500A5C71C /* beautyBrief@2x.png */,
				7AB018B1197E245D00BB0F4E /* beautyCollect@2x.png */,
				7AB018B2197E245D00BB0F4E /* beautyDetail@2x.png */,
				7AC30F38197A887500A5C71C /* foodBrief@2x.png */,
				7AC30F39197A887500A5C71C /* foodCollect@2x.png */,
				7AC30F3A197A887500A5C71C /* foodDetail@2x.png */,
				7AC30F3B197A887500A5C71C /* funBrief@2x.png */,
				7AC30F3C197A887500A5C71C /* funCollect@2x.png */,
				7AC30F3D197A887500A5C71C /* funDetail@2x.png */,
				7AC30F3E197A887500A5C71C /* houseBrief@2x.png */,
				7AC30F3F197A887500A5C71C /* houseCollect@2x.png */,
				7AC30F40197A887500A5C71C /* houseDetail@2x.png */,
				7AC30F41197A887500A5C71C /* shoppingBrief@2x.png */,
				7AC30F42197A887500A5C71C /* shoppingCollect@2x.png */,
				7AC30F43197A887500A5C71C /* shoppingDetail@2x.png */,
				7AC30F44197A887500A5C71C /* sportBrief.png */,
				7AC30F45197A887500A5C71C /* sportCollect@2x.png */,
				7AC30F46197A887500A5C71C /* sportDetail@2x.png */,
				7AC30F47197A887500A5C71C /* travelBrief@2x.png */,
				7AC30F48197A887500A5C71C /* travelCollect@2x.png */,
				7AC30F49197A887500A5C71C /* travelDetail@2x.png */,
			);
			path = types;
			sourceTree = "<group>";
		};
		7ADB5C18197FCCA0004B8DD2 /* loading */ = {
			isa = PBXGroup;
			children = (
				7ADB5C19197FCCA0004B8DD2 /* loadingBlack@2x.gif */,
				7ADB5C1A197FCCA0004B8DD2 /* loadingSmall@2x.gif */,
				7ADB5C1B197FCCA0004B8DD2 /* loadingWhite@2x.gif */,
			);
			path = loading;
			sourceTree = "<group>";
		};
		7AFDDEA5197190C40031F293 = {
			isa = PBXGroup;
			children = (
				7AFDDEB7197190C40031F293 /* one */,
				7AFDDED0197190C40031F293 /* oneTests */,
				7AFDDEB0197190C40031F293 /* Frameworks */,
				7AFDDEAF197190C40031F293 /* Products */,
			);
			sourceTree = "<group>";
		};
		7AFDDEAF197190C40031F293 /* Products */ = {
			isa = PBXGroup;
			children = (
				7AFDDEAE197190C40031F293 /* ONELife.app */,
				7AFDDEC9197190C40031F293 /* ONELifeTests.xctest */,
			);
			name = Products;
			sourceTree = "<group>";
		};
		7AFDDEB0197190C40031F293 /* Frameworks */ = {
			isa = PBXGroup;
			children = (
				7AFDDEB1197190C40031F293 /* Foundation.framework */,
				7AFDDEB3197190C40031F293 /* CoreGraphics.framework */,
				7AFDDEB5197190C40031F293 /* UIKit.framework */,
				7AFDDECA197190C40031F293 /* XCTest.framework */,
			);
			name = Frameworks;
			sourceTree = "<group>";
		};
		7AFDDEB7197190C40031F293 /* one */ = {
			isa = PBXGroup;
			children = (
				7AB01902197E7A7400BB0F4E /* Utils */,
				7AC30EBD197A350B00A5C71C /* image */,
				7A937B3C197622930087D4F2 /* data */,
				7A8196DE1973D2610032B38F /* controller */,
				7A8196DD1973D2580032B38F /* model */,
				7A8196DC1973D24E0032B38F /* view */,
				7AFDDEC3197190C40031F293 /* Images.xcassets */,
				7AFDDEC0197190C40031F293 /* ONEAppDelegate.h */,
				7AFDDEC1197190C40031F293 /* ONEAppDelegate.m */,
				7AFDDEB8197190C40031F293 /* Supporting Files */,
			);
			path = one;
			sourceTree = "<group>";
		};
		7AFDDEB8197190C40031F293 /* Supporting Files */ = {
			isa = PBXGroup;
			children = (
				7AFDDEB9197190C40031F293 /* ONELife-Info.plist */,
				7AFDDEBA197190C40031F293 /* InfoPlist.strings */,
				7AFDDEBD197190C40031F293 /* main.m */,
				7AFDDEBF197190C40031F293 /* ONELife-Prefix.pch */,
			);
			name = "Supporting Files";
			sourceTree = "<group>";
		};
		7AFDDED0197190C40031F293 /* oneTests */ = {
			isa = PBXGroup;
			children = (
				7AFDDED6197190C40031F293 /* oneTests.m */,
				7AFDDED1197190C40031F293 /* Supporting Files */,
			);
			path = oneTests;
			sourceTree = "<group>";
		};
		7AFDDED1197190C40031F293 /* Supporting Files */ = {
			isa = PBXGroup;
			children = (
				7AFDDED2197190C40031F293 /* ONELifeTests-Info.plist */,
				7AFDDED3197190C40031F293 /* InfoPlist.strings */,
			);
			name = "Supporting Files";
			sourceTree = "<group>";
		};
/* End PBXGroup section */

/* Begin PBXNativeTarget section */
		7AFDDEAD197190C40031F293 /* ONELife */ = {
			isa = PBXNativeTarget;
			buildConfigurationList = 7AFDDEDA197190C40031F293 /* Build configuration list for PBXNativeTarget "ONELife" */;
			buildPhases = (
				7AFDDEAA197190C40031F293 /* Sources */,
				7AFDDEAB197190C40031F293 /* Frameworks */,
				7AFDDEAC197190C40031F293 /* Resources */,
			);
			buildRules = (
			);
			dependencies = (
			);
			name = ONELife;
			productName = one;
			productReference = 7AFDDEAE197190C40031F293 /* ONELife.app */;
			productType = "com.apple.product-type.application";
		};
		7AFDDEC8197190C40031F293 /* ONELifeTests */ = {
			isa = PBXNativeTarget;
			buildConfigurationList = 7AFDDEDD197190C40031F293 /* Build configuration list for PBXNativeTarget "ONELifeTests" */;
			buildPhases = (
				7AFDDEC5197190C40031F293 /* Sources */,
				7AFDDEC6197190C40031F293 /* Frameworks */,
				7AFDDEC7197190C40031F293 /* Resources */,
			);
			buildRules = (
			);
			dependencies = (
				7AFDDECF197190C40031F293 /* PBXTargetDependency */,
			);
			name = ONELifeTests;
			productName = oneTests;
			productReference = 7AFDDEC9197190C40031F293 /* ONELifeTests.xctest */;
			productType = "com.apple.product-type.bundle.unit-test";
		};
/* End PBXNativeTarget section */

/* Begin PBXProject section */
		7AFDDEA6197190C40031F293 /* Project object */ = {
			isa = PBXProject;
			attributes = {
				CLASSPREFIX = ONE;
				LastUpgradeCheck = 0510;
				ORGANIZATIONNAME = bird;
				TargetAttributes = {
					7AFDDEC8197190C40031F293 = {
						TestTargetID = 7AFDDEAD197190C40031F293;
					};
				};
			};
			buildConfigurationList = 7AFDDEA9197190C40031F293 /* Build configuration list for PBXProject "ONELife" */;
			compatibilityVersion = "Xcode 3.2";
			developmentRegion = English;
			hasScannedForEncodings = 0;
			knownRegions = (
				en,
			);
			mainGroup = 7AFDDEA5197190C40031F293;
			productRefGroup = 7AFDDEAF197190C40031F293 /* Products */;
			projectDirPath = "";
			projectRoot = "";
			targets = (
				7AFDDEAD197190C40031F293 /* ONELife */,
				7AFDDEC8197190C40031F293 /* ONELifeTests */,
			);
		};
/* End PBXProject section */

/* Begin PBXResourcesBuildPhase section */
		7AFDDEAC197190C40031F293 /* Resources */ = {
			isa = PBXResourcesBuildPhase;
			buildActionMask = 2147483647;
			files = (
				7AC30F4E197A887500A5C71C /* foodCollect@2x.png in Resources */,
				7AB018CF197E35A800BB0F4E /* setting@2x.png in Resources */,
				7AB3BABE197CBC40009457E4 /* cancelSelected@2x.png in Resources */,
				7AB018F6197E3C9E00BB0F4E /* editSelected@2x.png in Resources */,
				7AB018E8197E3C4800BB0F4E /* heart@2x.png in Resources */,
				7AC30F54197A887500A5C71C /* houseCollect@2x.png in Resources */,
				7ADB5C1C197FCCA0004B8DD2 /* loadingBlack@2x.gif in Resources */,
				7AB3BAC8197CC06B009457E4 /* weixin@2x.png in Resources */,
				7AC30F4F197A887500A5C71C /* foodDetail@2x.png in Resources */,
				7AB3BAC9197CC06B009457E4 /* weixinFriends@2x.png in Resources */,
				7AC30F51197A887500A5C71C /* funCollect@2x.png in Resources */,
				7AB018F3197E3C9E00BB0F4E /* complete@2x.png in Resources */,
				7AB018E9197E3C4800BB0F4E /* info@2x.png in Resources */,
				7AC7AE13197A0A7D00BA283A /* ONEAboutUsViewController.xib in Resources */,
				7AB018FF197E41AB00BB0F4E /* returnSelected@2x.png in Resources */,
				7AC30F57197A887500A5C71C /* shoppingCollect@2x.png in Resources */,
				7AB018E4197E3BAB00BB0F4E /* viewCollectionSelected@2x.png in Resources */,
				7AB01904197E849800BB0F4E /* onelifeArticleTmp.png in Resources */,
				7AB018F2197E3C9E00BB0F4E /* closeSelected@2x.png in Resources */,
				7ADB5C28197FE9D9004B8DD2 /* likeThisCircle@2x.png in Resources */,
				7AB018F5197E3C9E00BB0F4E /* edit@2x.png in Resources */,
				7AB018E2197E3BAB00BB0F4E /* settingSelected@2x.png in Resources */,
				7AC30F4A197A887500A5C71C /* beautyBrief@2x.png in Resources */,
				7AC30F58197A887500A5C71C /* shoppingDetail@2x.png in Resources */,
				7AF27FC019727B4B00BBC0AC /* Main.storyboard in Resources */,
				7ADB5C1D197FCCA0004B8DD2 /* loadingSmall@2x.gif in Resources */,
				7AB018D1197E35A800BB0F4E /* share@2x.png in Resources */,
				7AB3BAB9197CAADA009457E4 /* ONEShareViewController.xib in Resources */,
				7AB3BACF197CC06B009457E4 /* yixinSelected@2x.png in Resources */,
				7ADB5C25197FE6FD004B8DD2 /* likeThis@2x.png in Resources */,
				7AB3BACE197CC06B009457E4 /* yixinFriendsSelected@2x.png in Resources */,
				7AB018F1197E3C9E00BB0F4E /* close@2x.png in Resources */,
				7AF27FCD197287EA00BBC0AC /* ONERecommendationDetailViewController.xib in Resources */,
				7AB3BACD197CC06B009457E4 /* yixinFriends@2x.png in Resources */,
				7AB018B7197E24D000BB0F4E /* returnGrayWhite@2x.png in Resources */,
				7AB018B8197E24D000BB0F4E /* returnGrayWhiteSelected@2x.png in Resources */,
				7AC30F52197A887500A5C71C /* funDetail@2x.png in Resources */,
				7AB3BABD197CBC40009457E4 /* cancel@2x.png in Resources */,
				7AB018B3197E245D00BB0F4E /* beautyCollect@2x.png in Resources */,
				7AB018BF197E26DC00BB0F4E /* shareDetail@2x.png in Resources */,
				7AC30F02197A647000A5C71C /* arrowRightGrey@2x.png in Resources */,
				7ADB5C1E197FCCA0004B8DD2 /* loadingWhite@2x.gif in Resources */,
				7AB018B0197E21A000BB0F4E /* onelife@2x.png in Resources */,
				7AC30F50197A887500A5C71C /* funBrief@2x.png in Resources */,
				7AB3BACC197CC06B009457E4 /* yixin@2x.png in Resources */,
				7AFDDEBC197190C40031F293 /* InfoPlist.strings in Resources */,
				7AC30F56197A887500A5C71C /* shoppingBrief@2x.png in Resources */,
				7AC30F5E197A887500A5C71C /* travelDetail@2x.png in Resources */,
				7AB018EA197E3C4800BB0F4E /* like@2x.png in Resources */,
				7AC30F5C197A887500A5C71C /* travelBrief@2x.png in Resources */,
				7AB3BACB197CC06B009457E4 /* weixinSelected@2x.png in Resources */,
				7AB018BD197E26DC00BB0F4E /* collectDetail@2x.png in Resources */,
				7AB018F4197E3C9E00BB0F4E /* completeSelected@2x.png in Resources */,
				7AC30F63197A8AF900A5C71C /* ONERecommendationImageViewController.xib in Resources */,
				7AC30F5B197A887500A5C71C /* sportDetail@2x.png in Resources */,
				7AC30F53197A887500A5C71C /* houseBrief@2x.png in Resources */,
				7AB018D3197E35A800BB0F4E /* viewCollection@2x.png in Resources */,
				7AC30F67197A985F00A5C71C /* hangzhou@2x.png in Resources */,
				7AC30F03197A647000A5C71C /* arrowRightWhite@2x.png in Resources */,
				7AC30F5D197A887500A5C71C /* travelCollect@2x.png in Resources */,
				7AC30EEB197A529900A5C71C /* onelifeLogo@2x.png in Resources */,
				7AB3BACA197CC06B009457E4 /* weixinFriendsSelected@2x.png in Resources */,
				7AC30F55197A887500A5C71C /* houseDetail@2x.png in Resources */,
				7AB018E3197E3BAB00BB0F4E /* shareSelected@2x.png in Resources */,
				7AC30F65197A8BB200A5C71C /* aboutUs@2x.png in Resources */,
				7AB018C0197E26DC00BB0F4E /* shareDetailSelected@2x.png in Resources */,
				7AC30F59197A887500A5C71C /* sportBrief.png in Resources */,
				7AF27FC81972873D00BBC0AC /* ONERecommendationBriefViewController.xib in Resources */,
				7AB018BE197E26DC00BB0F4E /* collectDetailSelected@2x.png in Resources */,
				7AB018B4197E245D00BB0F4E /* beautyDetail@2x.png in Resources */,
				7AC30F4D197A887500A5C71C /* foodBrief@2x.png in Resources */,
				7AB018FE197E41AB00BB0F4E /* return@2x.png in Resources */,
				7AFDDEC4197190C40031F293 /* Images.xcassets in Resources */,
				7AB018CD197E35A800BB0F4E /* collect@2x.png in Resources */,
				7AB018FB197E3FA300BB0F4E /* collectSelected@2x.png in Resources */,
				7ADB5C26197FE6FD004B8DD2 /* likeThisSelected@2x.png in Resources */,
				7AC30F5A197A887500A5C71C /* sportCollect@2x.png in Resources */,
			);
			runOnlyForDeploymentPostprocessing = 0;
		};
		7AFDDEC7197190C40031F293 /* Resources */ = {
			isa = PBXResourcesBuildPhase;
			buildActionMask = 2147483647;
			files = (
				7AFDDED5197190C40031F293 /* InfoPlist.strings in Resources */,
			);
			runOnlyForDeploymentPostprocessing = 0;
		};
/* End PBXResourcesBuildPhase section */

/* Begin PBXSourcesBuildPhase section */
		7AFDDEAA197190C40031F293 /* Sources */ = {
			isa = PBXSourcesBuildPhase;
			buildActionMask = 2147483647;
			files = (
				7AFDDEBE197190C40031F293 /* main.m in Sources */,
				7AC5E888197FB48C006E181C /* ONESettingNavigationViewController.m in Sources */,
				7A937B3F197622BD0087D4F2 /* ONESessionDelegate.m in Sources */,
				7AF27FC319727B5B00BBC0AC /* ONERootViewController.m in Sources */,
				7AB6AAC319794F56002A8992 /* JCRBlurView.m in Sources */,
				7AF27FC71972873D00BBC0AC /* ONERecommendationBriefViewController.m in Sources */,
				7AC7AE12197A0A7D00BA283A /* ONEAboutUsViewController.m in Sources */,
				7AC7AE0E197A05A000BA283A /* ONESettingViewController.m in Sources */,
				7AB77FDE197D6DDE0004FFDF /* FLAnimatedImageView.m in Sources */,
				7AB703B9197B92EB008DE376 /* ONEAnimationHelper.m in Sources */,
				7AFDDEC2197190C40031F293 /* ONEAppDelegate.m in Sources */,
				7AB3BAB8197CAADA009457E4 /* ONEShareViewController.m in Sources */,
				7AB018F9197E3EF800BB0F4E /* ONEStringUtils.m in Sources */,
				7AC7AE16197A132800BA283A /* ONEResourceManager.m in Sources */,
				7AF27FCC197287EA00BBC0AC /* ONERecommendationDetailViewController.m in Sources */,
				7AC30F62197A8AF900A5C71C /* ONERecommendationImageViewController.m in Sources */,
				7A59E84519729F6600E637D4 /* ONERecommendation.m in Sources */,
				7AB6AABC1978BA06002A8992 /* ONERecommendationCollectionViewController.m in Sources */,
				7AB018C3197E333000BB0F4E /* ONEViewUtils.m in Sources */,
				7AB77FDD197D6DDE0004FFDF /* FLAnimatedImage.m in Sources */,
				7A937B45197678E40087D4F2 /* ONEDateUtils.m in Sources */,
				7AC572721977895C00DDD900 /* ONELogger.m in Sources */,
				7A937B4219766E760087D4F2 /* ONERecommendationManager.m in Sources */,
			);
			runOnlyForDeploymentPostprocessing = 0;
		};
		7AFDDEC5197190C40031F293 /* Sources */ = {
			isa = PBXSourcesBuildPhase;
			buildActionMask = 2147483647;
			files = (
				7AFDDED7197190C40031F293 /* oneTests.m in Sources */,
			);
			runOnlyForDeploymentPostprocessing = 0;
		};
/* End PBXSourcesBuildPhase section */

/* Begin PBXTargetDependency section */
		7AFDDECF197190C40031F293 /* PBXTargetDependency */ = {
			isa = PBXTargetDependency;
			target = 7AFDDEAD197190C40031F293 /* ONELife */;
			targetProxy = 7AFDDECE197190C40031F293 /* PBXContainerItemProxy */;
		};
/* End PBXTargetDependency section */

/* Begin PBXVariantGroup section */
		7AFDDEBA197190C40031F293 /* InfoPlist.strings */ = {
			isa = PBXVariantGroup;
			children = (
				7AFDDEBB197190C40031F293 /* en */,
			);
			name = InfoPlist.strings;
			sourceTree = "<group>";
		};
		7AFDDED3197190C40031F293 /* InfoPlist.strings */ = {
			isa = PBXVariantGroup;
			children = (
				7AFDDED4197190C40031F293 /* en */,
			);
			name = InfoPlist.strings;
			sourceTree = "<group>";
		};
/* End PBXVariantGroup section */

/* Begin XCBuildConfiguration section */
		7AFDDED8197190C40031F293 /* Debug */ = {
			isa = XCBuildConfiguration;
			buildSettings = {
				ALWAYS_SEARCH_USER_PATHS = NO;
				CLANG_CXX_LANGUAGE_STANDARD = "gnu++0x";
				CLANG_CXX_LIBRARY = "libc++";
				CLANG_ENABLE_MODULES = YES;
				CLANG_ENABLE_OBJC_ARC = YES;
				CLANG_WARN_BOOL_CONVERSION = YES;
				CLANG_WARN_CONSTANT_CONVERSION = YES;
				CLANG_WARN_DIRECT_OBJC_ISA_USAGE = YES_ERROR;
				CLANG_WARN_EMPTY_BODY = YES;
				CLANG_WARN_ENUM_CONVERSION = YES;
				CLANG_WARN_INT_CONVERSION = YES;
				CLANG_WARN_OBJC_ROOT_CLASS = YES_ERROR;
				CLANG_WARN__DUPLICATE_METHOD_MATCH = YES;
				"CODE_SIGN_IDENTITY[sdk=iphoneos*]" = "iPhone Developer";
				COPY_PHASE_STRIP = NO;
				GCC_C_LANGUAGE_STANDARD = gnu99;
				GCC_DYNAMIC_NO_PIC = NO;
				GCC_OPTIMIZATION_LEVEL = 0;
				GCC_PREPROCESSOR_DEFINITIONS = (
					"DEBUG=1",
					"$(inherited)",
				);
				GCC_SYMBOLS_PRIVATE_EXTERN = NO;
				GCC_WARN_64_TO_32_BIT_CONVERSION = YES;
				GCC_WARN_ABOUT_RETURN_TYPE = YES_ERROR;
				GCC_WARN_UNDECLARED_SELECTOR = YES;
				GCC_WARN_UNINITIALIZED_AUTOS = YES_AGGRESSIVE;
				GCC_WARN_UNUSED_FUNCTION = YES;
				GCC_WARN_UNUSED_VARIABLE = YES;
				IPHONEOS_DEPLOYMENT_TARGET = 7.1;
				ONLY_ACTIVE_ARCH = YES;
				PROVISIONING_PROFILE = "5BB49AD6-D90F-4A55-AE6E-BF8C8BA784B6";
				SDKROOT = iphoneos;
			};
			name = Debug;
		};
		7AFDDED9197190C40031F293 /* Release */ = {
			isa = XCBuildConfiguration;
			buildSettings = {
				ALWAYS_SEARCH_USER_PATHS = NO;
				CLANG_CXX_LANGUAGE_STANDARD = "gnu++0x";
				CLANG_CXX_LIBRARY = "libc++";
				CLANG_ENABLE_MODULES = YES;
				CLANG_ENABLE_OBJC_ARC = YES;
				CLANG_WARN_BOOL_CONVERSION = YES;
				CLANG_WARN_CONSTANT_CONVERSION = YES;
				CLANG_WARN_DIRECT_OBJC_ISA_USAGE = YES_ERROR;
				CLANG_WARN_EMPTY_BODY = YES;
				CLANG_WARN_ENUM_CONVERSION = YES;
				CLANG_WARN_INT_CONVERSION = YES;
				CLANG_WARN_OBJC_ROOT_CLASS = YES_ERROR;
				CLANG_WARN__DUPLICATE_METHOD_MATCH = YES;
				"CODE_SIGN_IDENTITY[sdk=iphoneos*]" = "iPhone Developer";
				COPY_PHASE_STRIP = YES;
				ENABLE_NS_ASSERTIONS = NO;
				GCC_C_LANGUAGE_STANDARD = gnu99;
				GCC_WARN_64_TO_32_BIT_CONVERSION = YES;
				GCC_WARN_ABOUT_RETURN_TYPE = YES_ERROR;
				GCC_WARN_UNDECLARED_SELECTOR = YES;
				GCC_WARN_UNINITIALIZED_AUTOS = YES_AGGRESSIVE;
				GCC_WARN_UNUSED_FUNCTION = YES;
				GCC_WARN_UNUSED_VARIABLE = YES;
				IPHONEOS_DEPLOYMENT_TARGET = 7.1;
				PROVISIONING_PROFILE = "5BB49AD6-D90F-4A55-AE6E-BF8C8BA784B6";
				SDKROOT = iphoneos;
				VALIDATE_PRODUCT = YES;
			};
			name = Release;
		};
		7AFDDEDB197190C40031F293 /* Debug */ = {
			isa = XCBuildConfiguration;
			buildSettings = {
				ASSETCATALOG_COMPILER_APPICON_NAME = AppIcon;
				ASSETCATALOG_COMPILER_LAUNCHIMAGE_NAME = LaunchImage;
				GCC_PRECOMPILE_PREFIX_HEADER = YES;
				GCC_PREFIX_HEADER = "one/ONELife-Prefix.pch";
				INFOPLIST_FILE = "one/ONELife-Info.plist";
				IPHONEOS_DEPLOYMENT_TARGET = 7.0;
				PRODUCT_NAME = ONELife;
				PROVISIONING_PROFILE = "5BB49AD6-D90F-4A55-AE6E-BF8C8BA784B6";
				WRAPPER_EXTENSION = app;
			};
			name = Debug;
		};
		7AFDDEDC197190C40031F293 /* Release */ = {
			isa = XCBuildConfiguration;
			buildSettings = {
				ASSETCATALOG_COMPILER_APPICON_NAME = AppIcon;
				ASSETCATALOG_COMPILER_LAUNCHIMAGE_NAME = LaunchImage;
				GCC_PRECOMPILE_PREFIX_HEADER = YES;
				GCC_PREFIX_HEADER = "one/ONELife-Prefix.pch";
				INFOPLIST_FILE = "one/ONELife-Info.plist";
				IPHONEOS_DEPLOYMENT_TARGET = 7.0;
				PRODUCT_NAME = ONELife;
				PROVISIONING_PROFILE = "5BB49AD6-D90F-4A55-AE6E-BF8C8BA784B6";
				WRAPPER_EXTENSION = app;
			};
			name = Release;
		};
		7AFDDEDE197190C40031F293 /* Debug */ = {
			isa = XCBuildConfiguration;
			buildSettings = {
				BUNDLE_LOADER = "$(BUILT_PRODUCTS_DIR)/one.app/one";
				FRAMEWORK_SEARCH_PATHS = (
					"$(SDKROOT)/Developer/Library/Frameworks",
					"$(inherited)",
					"$(DEVELOPER_FRAMEWORKS_DIR)",
				);
				GCC_PRECOMPILE_PREFIX_HEADER = YES;
				GCC_PREFIX_HEADER = "one/one-Prefix.pch";
				GCC_PREPROCESSOR_DEFINITIONS = (
					"DEBUG=1",
					"$(inherited)",
				);
				INFOPLIST_FILE = "oneTests/ONELifeTests-Info.plist";
				PRODUCT_NAME = ONELifeTests;
				TEST_HOST = "$(BUNDLE_LOADER)";
				WRAPPER_EXTENSION = xctest;
			};
			name = Debug;
		};
		7AFDDEDF197190C40031F293 /* Release */ = {
			isa = XCBuildConfiguration;
			buildSettings = {
				BUNDLE_LOADER = "$(BUILT_PRODUCTS_DIR)/one.app/one";
				FRAMEWORK_SEARCH_PATHS = (
					"$(SDKROOT)/Developer/Library/Frameworks",
					"$(inherited)",
					"$(DEVELOPER_FRAMEWORKS_DIR)",
				);
				GCC_PRECOMPILE_PREFIX_HEADER = YES;
				GCC_PREFIX_HEADER = "one/one-Prefix.pch";
				INFOPLIST_FILE = "oneTests/ONELifeTests-Info.plist";
				PRODUCT_NAME = ONELifeTests;
				TEST_HOST = "$(BUNDLE_LOADER)";
				WRAPPER_EXTENSION = xctest;
			};
			name = Release;
		};
/* End XCBuildConfiguration section */

/* Begin XCConfigurationList section */
		7AFDDEA9197190C40031F293 /* Build configuration list for PBXProject "ONELife" */ = {
			isa = XCConfigurationList;
			buildConfigurations = (
				7AFDDED8197190C40031F293 /* Debug */,
				7AFDDED9197190C40031F293 /* Release */,
			);
			defaultConfigurationIsVisible = 0;
			defaultConfigurationName = Release;
		};
		7AFDDEDA197190C40031F293 /* Build configuration list for PBXNativeTarget "ONELife" */ = {
			isa = XCConfigurationList;
			buildConfigurations = (
				7AFDDEDB197190C40031F293 /* Debug */,
				7AFDDEDC197190C40031F293 /* Release */,
			);
			defaultConfigurationIsVisible = 0;
			defaultConfigurationName = Release;
		};
		7AFDDEDD197190C40031F293 /* Build configuration list for PBXNativeTarget "ONELifeTests" */ = {
			isa = XCConfigurationList;
			buildConfigurations = (
				7AFDDEDE197190C40031F293 /* Debug */,
				7AFDDEDF197190C40031F293 /* Release */,
			);
			defaultConfigurationIsVisible = 0;
			defaultConfigurationName = Release;
		};
/* End XCConfigurationList section */
	};
	rootObject = 7AFDDEA6197190C40031F293 /* Project object */;
}
